
Microsoft Visual Studio Solution File, Format Version 12.00
# Visual Studio Version 17
VisualStudioVersion = 17.7.34202.233
MinimumVisualStudioVersion = 10.0.40219.1
Project("{9A19103F-16F7-4668-BE54-9A1E7A4F7556}") = "ThemeSwitcher", "ThemeSwitcher\ThemeSwitcher.csproj", "{3AB1CE56-F0D5-4606-B929-0FF2CF5D9D9E}"
EndProject
Global
	GlobalSection(SolutionConfigurationPlatforms) = preSolution
		Debug|Any CPU = Debug|Any CPU
		Release|Any CPU = Release|Any CPU
	EndGlobalSection
	GlobalSection(ProjectConfigurationPlatforms) = postSolution
		{3AB1CE56-F0D5-4606-B929-0FF2CF5D9D9E}.Debug|Any CPU.ActiveCfg = Debug|Any CPU
		{3AB1CE56-F0D5-4606-B929-0FF2CF5D9D9E}.Debug|Any CPU.Build.0 = Debug|Any CPU
		{3AB1CE56-F0D5-4606-B929-0FF2CF5D9D9E}.Release|Any CPU.ActiveCfg = Release|Any CPU
		{3AB1CE56-F0D5-4606-B929-0FF2CF5D9D9E}.Release|Any CPU.Build.0 = Release|Any CPU
	EndGlobalSection
	GlobalSection(SolutionProperties) = preSolution
		HideSolutionNode = FALSE
	EndGlobalSection
	GlobalSection(ExtensibilityGlobals) = postSolution
		SolutionGuid = {20DB0DD0-D3A0-4E0F-B29A-365B589DE61E}
	EndGlobalSection
EndGlobal
